{
    "name": "site",
    "version": "1.0.0",
    "lockfileVersion": 1,
    "requires": true,
    "dependencies": {
        "@babel/helper-validator-identifier": {
            "version": "7.12.11",
            "resolved": "https://registry.npm.taobao.org/@babel/helper-validator-identifier/download/@babel/helper-validator-identifier-7.12.11.tgz?cache=0&sync_timestamp=1608076995361&other_urls=https%3A%2F%2Fregistry.npm.taobao.org%2F%40babel%2Fhelper-validator-identifier%2Fdownload%2F%40babel%2Fhelper-validator-identifier-7.12.11.tgz",
            "integrity": "sha1-yaHwIZF9y1zPDU5FPjmQIpgfye0="
        },
        "@babel/parser": {
            "version": "7.13.15",
            "resolved": "https://registry.npm.taobao.org/@babel/parser/download/@babel/parser-7.13.15.tgz",
            "integrity": "sha1-jmZ3X7UjWZrLaiieEpKfpasJVNg="
        },
        "@babel/types": {
            "version": "7.13.14",
            "resolved": "https://registry.npm.taobao.org/@babel/types/download/@babel/types-7.13.14.tgz?cache=0&sync_timestamp=1617027383828&other_urls=https%3A%2F%2Fregistry.npm.taobao.org%2F%40babel%2Ftypes%2Fdownload%2F%40babel%2Ftypes-7.13.14.tgz",
            "integrity": "sha1-w1pKuxXHzUWidG14qzKONiy6zg0=",
            "requires": {
                "@babel/helper-validator-identifier": "^7.12.11",
                "lodash": "^4.17.19",
                "to-fast-properties": "^2.0.0"
            }
        },
        "@popperjs/core": {
            "version": "2.9.2",
            "resolved": "https://registry.npm.taobao.org/@popperjs/core/download/@popperjs/core-2.9.2.tgz?cache=0&sync_timestamp=1617290098226&other_urls=https%3A%2F%2Fregistry.npm.taobao.org%2F%40popperjs%2Fcore%2Fdownload%2F%40popperjs%2Fcore-2.9.2.tgz",
            "integrity": "sha1-rep7aVPLs0ZRdmsFSEaOdDxqI1M="
        },
        "@rollup/pluginutils": {
            "version": "4.1.0",
            "resolved": "https://registry.npm.taobao.org/@rollup/pluginutils/download/@rollup/pluginutils-4.1.0.tgz?cache=0&sync_timestamp=1603767889260&other_urls=https%3A%2F%2Fregistry.npm.taobao.org%2F%40rollup%2Fpluginutils%2Fdownload%2F%40rollup%2Fpluginutils-4.1.0.tgz",
            "integrity": "sha1-Dcxhx4DjkldVT+t/dyB9zsoTyDg=",
            "dev": true,
            "requires": {
                "estree-walker": "^2.0.1",
                "picomatch": "^2.2.2"
            }
        },
        "@types/lodash": {
            "version": "4.14.168",
            "resolved": "https://registry.npm.taobao.org/@types/lodash/download/@types/lodash-4.14.168.tgz?cache=0&sync_timestamp=1613379158193&other_urls=https%3A%2F%2Fregistry.npm.taobao.org%2F%40types%2Flodash%2Fdownload%2F%40types%2Flodash-4.14.168.tgz",
            "integrity": "sha1-/iRjLnm3rePxMoka//hsql5c4Ag="
        },
        "@vitejs/plugin-vue": {
            "version": "1.2.1",
            "resolved": "https://registry.npm.taobao.org/@vitejs/plugin-vue/download/@vitejs/plugin-vue-1.2.1.tgz?cache=0&sync_timestamp=1617152725801&other_urls=https%3A%2F%2Fregistry.npm.taobao.org%2F%40vitejs%2Fplugin-vue%2Fdownload%2F%40vitejs%2Fplugin-vue-1.2.1.tgz",
            "integrity": "sha1-beSUNvw0b4KaVmdgZkKOPwEVIqw=",
            "dev": true
        },
        "@vue/compiler-core": {
            "version": "3.0.11",
            "resolved": "https://registry.npm.taobao.org/@vue/compiler-core/download/@vue/compiler-core-3.0.11.tgz?cache=0&sync_timestamp=1617321553533&other_urls=https%3A%2F%2Fregistry.npm.taobao.org%2F%40vue%2Fcompiler-core%2Fdownload%2F%40vue%2Fcompiler-core-3.0.11.tgz",
            "integrity": "sha1-XvV55G17M2uHNSKHWNHCxQWq5po=",
            "requires": {
                "@babel/parser": "^7.12.0",
                "@babel/types": "^7.12.0",
                "@vue/shared": "3.0.11",
                "estree-walker": "^2.0.1",
                "source-map": "^0.6.1"
            }
        },
        "@vue/compiler-dom": {
            "version": "3.0.11",
            "resolved": "https://registry.npm.taobao.org/@vue/compiler-dom/download/@vue/compiler-dom-3.0.11.tgz",
            "integrity": "sha1-sV/ByQk3H9ZxdGAgulW12rSnMO4=",
            "requires": {
                "@vue/compiler-core": "3.0.11",
                "@vue/shared": "3.0.11"
            }
        },
        "@vue/compiler-sfc": {
            "version": "3.0.11",
            "resolved": "https://registry.npm.taobao.org/@vue/compiler-sfc/download/@vue/compiler-sfc-3.0.11.tgz",
            "integrity": "sha1-zYyiFUuIlntSH1rTsQ9fi2tmVnk=",
            "dev": true,
            "requires": {
                "@babel/parser": "^7.13.9",
                "@babel/types": "^7.13.0",
                "@vue/compiler-core": "3.0.11",
                "@vue/compiler-dom": "3.0.11",
                "@vue/compiler-ssr": "3.0.11",
                "@vue/shared": "3.0.11",
                "consolidate": "^0.16.0",
                "estree-walker": "^2.0.1",
                "hash-sum": "^2.0.0",
                "lru-cache": "^5.1.1",
                "magic-string": "^0.25.7",
                "merge-source-map": "^1.1.0",
                "postcss": "^8.1.10",
                "postcss-modules": "^4.0.0",
                "postcss-selector-parser": "^6.0.4",
                "source-map": "^0.6.1"
            }
        },
        "@vue/compiler-ssr": {
            "version": "3.0.11",
            "resolved": "https://registry.npm.taobao.org/@vue/compiler-ssr/download/@vue/compiler-ssr-3.0.11.tgz?cache=0&sync_timestamp=1617321554271&other_urls=https%3A%2F%2Fregistry.npm.taobao.org%2F%40vue%2Fcompiler-ssr%2Fdownload%2F%40vue%2Fcompiler-ssr-3.0.11.tgz",
            "integrity": "sha1-rFoF/RJXQS+mYHnII9ggO2qImhM=",
            "dev": true,
            "requires": {
                "@vue/compiler-dom": "3.0.11",
                "@vue/shared": "3.0.11"
            }
        },
        "@vue/reactivity": {
            "version": "3.0.11",
            "resolved": "https://registry.npm.taobao.org/@vue/reactivity/download/@vue/reactivity-3.0.11.tgz?cache=0&sync_timestamp=1617321554569&other_urls=https%3A%2F%2Fregistry.npm.taobao.org%2F%40vue%2Freactivity%2Fdownload%2F%40vue%2Freactivity-3.0.11.tgz",
            "integrity": "sha1-B7WINJ/QViaxfzUAy+99S9tNvQs=",
            "requires": {
                "@vue/shared": "3.0.11"
            }
        },
        "@vue/runtime-core": {
            "version": "3.0.11",
            "resolved": "https://registry.npm.taobao.org/@vue/runtime-core/download/@vue/runtime-core-3.0.11.tgz?cache=0&sync_timestamp=1617321945301&other_urls=https%3A%2F%2Fregistry.npm.taobao.org%2F%40vue%2Fruntime-core%2Fdownload%2F%40vue%2Fruntime-core-3.0.11.tgz",
            "integrity": "sha1-xS38as8yFUk2I1UsHCkZCAxWLkQ=",
            "requires": {
                "@vue/reactivity": "3.0.11",
                "@vue/shared": "3.0.11"
            }
        },
        "@vue/runtime-dom": {
            "version": "3.0.11",
            "resolved": "https://registry.npm.taobao.org/@vue/runtime-dom/download/@vue/runtime-dom-3.0.11.tgz?cache=0&sync_timestamp=1617321945517&other_urls=https%3A%2F%2Fregistry.npm.taobao.org%2F%40vue%2Fruntime-dom%2Fdownload%2F%40vue%2Fruntime-dom-3.0.11.tgz",
            "integrity": "sha1-elUt8hkHlCch/raWHEGOIippkzc=",
            "requires": {
                "@vue/runtime-core": "3.0.11",
                "@vue/shared": "3.0.11",
                "csstype": "^2.6.8"
            }
        },
        "@vue/shared": {
            "version": "3.0.11",
            "resolved": "https://registry.npm.taobao.org/@vue/shared/download/@vue/shared-3.0.11.tgz?cache=0&sync_timestamp=1617321555263&other_urls=https%3A%2F%2Fregistry.npm.taobao.org%2F%40vue%2Fshared%2Fdownload%2F%40vue%2Fshared-3.0.11.tgz",
            "integrity": "sha1-INIt0Np9NYuyHBf5vehigVJkLHc="
        },
        "async-validator": {
            "version": "3.5.1",
            "resolved": "https://registry.npm.taobao.org/async-validator/download/async-validator-3.5.1.tgz",
            "integrity": "sha1-zWK5aIskZfSEIOJ620d2CrG1VZ8="
        },
        "balanced-match": {
            "version": "1.0.2",
            "resolved": "https://registry.npm.taobao.org/balanced-match/download/balanced-match-1.0.2.tgz?cache=0&other_urls=https%3A%2F%2Fregistry.npm.taobao.org%2Fbalanced-match%2Fdownload%2Fbalanced-match-1.0.2.tgz",
            "integrity": "sha1-6D46fj8wCzTLnYf2FfoMvzV2kO4=",
            "dev": true
        },
        "big-integer": {
            "version": "1.6.48",
            "resolved": "https://registry.npm.taobao.org/big-integer/download/big-integer-1.6.48.tgz",
            "integrity": "sha1-j9iL0WMsukocjD49cVnwi7lbS54=",
            "dev": true
        },
        "big.js": {
            "version": "5.2.2",
            "resolved": "https://registry.npm.taobao.org/big.js/download/big.js-5.2.2.tgz",
            "integrity": "sha1-ZfCvOC9Xi83HQr2cKB6cstd2gyg=",
            "dev": true
        },
        "binary": {
            "version": "0.3.0",
            "resolved": "https://registry.npm.taobao.org/binary/download/binary-0.3.0.tgz",
            "integrity": "sha1-n2BVO8XOjDOG87VTz/R0Yq3sqnk=",
            "dev": true,
            "requires": {
                "buffers": "~0.1.1",
                "chainsaw": "~0.1.0"
            }
        },
        "bluebird": {
            "version": "3.7.2",
            "resolved": "https://registry.npm.taobao.org/bluebird/download/bluebird-3.7.2.tgz?cache=0&sync_timestamp=1589682744631&other_urls=https%3A%2F%2Fregistry.npm.taobao.org%2Fbluebird%2Fdownload%2Fbluebird-3.7.2.tgz",
            "integrity": "sha1-nyKcFb4nJFT/qXOs4NvueaGww28=",
            "dev": true
        },
        "brace-expansion": {
            "version": "1.1.11",
            "resolved": "https://registry.npm.taobao.org/brace-expansion/download/brace-expansion-1.1.11.tgz?cache=0&sync_timestamp=1614010709807&other_urls=https%3A%2F%2Fregistry.npm.taobao.org%2Fbrace-expansion%2Fdownload%2Fbrace-expansion-1.1.11.tgz",
            "integrity": "sha1-PH/L9SnYcibz0vUrlm/1Jx60Qd0=",
            "dev": true,
            "requires": {
                "balanced-match": "^1.0.0",
                "concat-map": "0.0.1"
            }
        },
        "buffer-indexof-polyfill": {
            "version": "1.0.2",
            "resolved": "https://registry.npm.taobao.org/buffer-indexof-polyfill/download/buffer-indexof-polyfill-1.0.2.tgz?cache=0&sync_timestamp=1599616504366&other_urls=https%3A%2F%2Fregistry.npm.taobao.org%2Fbuffer-indexof-polyfill%2Fdownload%2Fbuffer-indexof-polyfill-1.0.2.tgz",
            "integrity": "sha1-0nMhNcWZnGSyd/z5savjSYJUcpw=",
            "dev": true
        },
        "buffers": {
            "version": "0.1.1",
            "resolved": "https://registry.npm.taobao.org/buffers/download/buffers-0.1.1.tgz",
            "integrity": "sha1-skV5w77U1tOWru5tmorn9Ugqt7s=",
            "dev": true
        },
        "camel-case": {
            "version": "4.1.2",
            "resolved": "https://registry.npm.taobao.org/camel-case/download/camel-case-4.1.2.tgz",
            "integrity": "sha1-lygHKpVPgFIoIlpt7qazhGHhvVo=",
            "dev": true,
            "requires": {
                "pascal-case": "^3.1.2",
                "tslib": "^2.0.3"
            }
        },
        "capital-case": {
            "version": "1.0.4",
            "resolved": "https://registry.npm.taobao.org/capital-case/download/capital-case-1.0.4.tgz?cache=0&sync_timestamp=1606867325844&other_urls=https%3A%2F%2Fregistry.npm.taobao.org%2Fcapital-case%2Fdownload%2Fcapital-case-1.0.4.tgz",
            "integrity": "sha1-nRMCkjU8kkn2sA+lhSvuOKcX5mk=",
            "dev": true,
            "requires": {
                "no-case": "^3.0.4",
                "tslib": "^2.0.3",
                "upper-case-first": "^2.0.2"
            }
        },
        "chainsaw": {
            "version": "0.1.0",
            "resolved": "https://registry.npm.taobao.org/chainsaw/download/chainsaw-0.1.0.tgz",
            "integrity": "sha1-XqtQsor+WAdNDVgpE4iCi15fvJg=",
            "dev": true,
            "requires": {
                "traverse": ">=0.3.0 <0.4"
            }
        },
        "change-case": {
            "version": "4.1.2",
            "resolved": "https://registry.npm.taobao.org/change-case/download/change-case-4.1.2.tgz?cache=0&sync_timestamp=1606867326259&other_urls=https%3A%2F%2Fregistry.npm.taobao.org%2Fchange-case%2Fdownload%2Fchange-case-4.1.2.tgz",
            "integrity": "sha1-/t/F8TYEXiOYwEEO5EH5VwRkHhI=",
            "dev": true,
            "requires": {
                "camel-case": "^4.1.2",
                "capital-case": "^1.0.4",
                "constant-case": "^3.0.4",
                "dot-case": "^3.0.4",
                "header-case": "^2.0.4",
                "no-case": "^3.0.4",
                "param-case": "^3.0.4",
                "pascal-case": "^3.1.2",
                "path-case": "^3.0.4",
                "sentence-case": "^3.0.4",
                "snake-case": "^3.0.4",
                "tslib": "^2.0.3"
            }
        },
        "colorette": {
            "version": "1.2.2",
            "resolved": "https://registry.npm.taobao.org/colorette/download/colorette-1.2.2.tgz?cache=0&sync_timestamp=1614259623635&other_urls=https%3A%2F%2Fregistry.npm.taobao.org%2Fcolorette%2Fdownload%2Fcolorette-1.2.2.tgz",
            "integrity": "sha1-y8x51emcrqLb8Q6zom/Ys+as+pQ=",
            "dev": true
        },
        "concat-map": {
            "version": "0.0.1",
            "resolved": "https://registry.npm.taobao.org/concat-map/download/concat-map-0.0.1.tgz",
            "integrity": "sha1-2Klr13/Wjfd5OnMDajug1UBdR3s=",
            "dev": true
        },
        "consolidate": {
            "version": "0.16.0",
            "resolved": "https://registry.npm.taobao.org/consolidate/download/consolidate-0.16.0.tgz",
            "integrity": "sha1-oRhkdokw8vGUMWYKZZBmaPX73BY=",
            "dev": true,
            "requires": {
                "bluebird": "^3.7.2"
            }
        },
        "constant-case": {
            "version": "3.0.4",
            "resolved": "https://registry.npm.taobao.org/constant-case/download/constant-case-3.0.4.tgz?cache=0&sync_timestamp=1606867325763&other_urls=https%3A%2F%2Fregistry.npm.taobao.org%2Fconstant-case%2Fdownload%2Fconstant-case-3.0.4.tgz",
            "integrity": "sha1-O4Sprq9M8x7EXmv13pG9+wWJ+vE=",
            "dev": true,
            "requires": {
                "no-case": "^3.0.4",
                "tslib": "^2.0.3",
                "upper-case": "^2.0.2"
            }
        },
        "core-util-is": {
            "version": "1.0.2",
            "resolved": "https://registry.npm.taobao.org/core-util-is/download/core-util-is-1.0.2.tgz",
            "integrity": "sha1-tf1UIgqivFq1eqtxQMlAdUUDwac=",
            "dev": true
        },
        "cssesc": {
            "version": "3.0.0",
            "resolved": "https://registry.npm.taobao.org/cssesc/download/cssesc-3.0.0.tgz",
            "integrity": "sha1-N3QZGZA7hoVl4cCep0dEXNGJg+4=",
            "dev": true
        },
        "csstype": {
            "version": "2.6.16",
            "resolved": "https://registry.npm.taobao.org/csstype/download/csstype-2.6.16.tgz?cache=0&sync_timestamp=1614159885468&other_urls=https%3A%2F%2Fregistry.npm.taobao.org%2Fcsstype%2Fdownload%2Fcsstype-2.6.16.tgz",
            "integrity": "sha1-VE1p9UcBO4WkDRW/912zjzT+nDk="
        },
        "dayjs": {
            "version": "1.10.4",
            "resolved": "https://registry.npm.taobao.org/dayjs/download/dayjs-1.10.4.tgz?cache=0&sync_timestamp=1611310021152&other_urls=https%3A%2F%2Fregistry.npm.taobao.org%2Fdayjs%2Fdownload%2Fdayjs-1.10.4.tgz",
            "integrity": "sha1-jlRKm4aD9heD9XCYCoqA6vVKseI="
        },
        "debug": {
            "version": "4.3.2",
            "resolved": "https://registry.npm.taobao.org/debug/download/debug-4.3.2.tgz?cache=0&sync_timestamp=1607566533140&other_urls=https%3A%2F%2Fregistry.npm.taobao.org%2Fdebug%2Fdownload%2Fdebug-4.3.2.tgz",
            "integrity": "sha1-8KScGKyHeeMdSgxgKd+3aHPHQos=",
            "dev": true,
            "requires": {
                "ms": "2.1.2"
            }
        },
        "dot-case": {
            "version": "3.0.4",
            "resolved": "https://registry.npm.taobao.org/dot-case/download/dot-case-3.0.4.tgz?cache=0&sync_timestamp=1606867327042&other_urls=https%3A%2F%2Fregistry.npm.taobao.org%2Fdot-case%2Fdownload%2Fdot-case-3.0.4.tgz",
            "integrity": "sha1-mytnDQCkMWZ6inW6Kc0bmICc51E=",
            "dev": true,
            "requires": {
                "no-case": "^3.0.4",
                "tslib": "^2.0.3"
            }
        },
        "duplexer2": {
            "version": "0.1.4",
            "resolved": "https://registry.npm.taobao.org/duplexer2/download/duplexer2-0.1.4.tgz",
            "integrity": "sha1-ixLauHjA1p4+eJEFFmKjL8a93ME=",
            "dev": true,
            "requires": {
                "readable-stream": "^2.0.2"
            }
        },
        "element-plus": {
            "version": "1.0.2-beta.39",
            "resolved": "https://registry.npm.taobao.org/element-plus/download/element-plus-1.0.2-beta.39.tgz?cache=0&sync_timestamp=1617948775581&other_urls=https%3A%2F%2Fregistry.npm.taobao.org%2Felement-plus%2Fdownload%2Felement-plus-1.0.2-beta.39.tgz",
            "integrity": "sha1-CmBSQGC4TMjGkkOvo9tnH7q1wBI=",
            "requires": {
                "@popperjs/core": "^2.4.4",
                "@types/lodash": "^4.14.161",
                "async-validator": "^3.4.0",
                "dayjs": "1.x",
                "lodash": "^4.17.20",
                "mitt": "^2.1.0",
                "normalize-wheel": "^1.0.1",
                "resize-observer-polyfill": "^1.5.1"
            }
        },
        "emojis-list": {
            "version": "3.0.0",
            "resolved": "https://registry.npm.taobao.org/emojis-list/download/emojis-list-3.0.0.tgz",
            "integrity": "sha1-VXBmIEatKeLpFucariYKvf9Pang=",
            "dev": true
        },
        "es-module-lexer": {
            "version": "0.4.1",
            "resolved": "https://registry.npm.taobao.org/es-module-lexer/download/es-module-lexer-0.4.1.tgz",
            "integrity": "sha1-3ajGoU2PNAok40Mx4Pqwy1BDjg4=",
            "dev": true
        },
        "esbuild": {
            "version": "0.9.7",
            "resolved": "https://registry.npm.taobao.org/esbuild/download/esbuild-0.9.7.tgz",
            "integrity": "sha1-6g1jnL5LiOwl++1Nb/AMjXiO9ws=",
            "dev": true
        },
        "estree-walker": {
            "version": "2.0.2",
            "resolved": "https://registry.npm.taobao.org/estree-walker/download/estree-walker-2.0.2.tgz?cache=0&sync_timestamp=1611956983677&other_urls=https%3A%2F%2Fregistry.npm.taobao.org%2Festree-walker%2Fdownload%2Festree-walker-2.0.2.tgz",
            "integrity": "sha1-UvAQF4wqTBF6d1fP6UKtt9LaTKw="
        },
        "fs.realpath": {
            "version": "1.0.0",
            "resolved": "https://registry.npm.taobao.org/fs.realpath/download/fs.realpath-1.0.0.tgz",
            "integrity": "sha1-FQStJSMVjKpA20onh8sBQRmU6k8=",
            "dev": true
        },
        "fsevents": {
            "version": "2.3.2",
            "resolved": "https://registry.npm.taobao.org/fsevents/download/fsevents-2.3.2.tgz",
            "integrity": "sha1-ilJveLj99GI7cJ4Ll1xSwkwC/Ro=",
            "dev": true,
            "optional": true
        },
        "fstream": {
            "version": "1.0.12",
            "resolved": "https://registry.npm.taobao.org/fstream/download/fstream-1.0.12.tgz",
            "integrity": "sha1-Touo7i1Ivk99DeUFRVVI6uWTIEU=",
            "dev": true,
            "requires": {
                "graceful-fs": "^4.1.2",
                "inherits": "~2.0.0",
                "mkdirp": ">=0.5 0",
                "rimraf": "2"
            }
        },
        "function-bind": {
            "version": "1.1.1",
            "resolved": "https://registry.npm.taobao.org/function-bind/download/function-bind-1.1.1.tgz",
            "integrity": "sha1-pWiZ0+o8m6uHS7l3O3xe3pL0iV0=",
            "dev": true
        },
        "generic-names": {
            "version": "2.0.1",
            "resolved": "https://registry.npm.taobao.org/generic-names/download/generic-names-2.0.1.tgz?cache=0&sync_timestamp=1603542269880&other_urls=https%3A%2F%2Fregistry.npm.taobao.org%2Fgeneric-names%2Fdownload%2Fgeneric-names-2.0.1.tgz",
            "integrity": "sha1-+KN46tLMqno08DF7BVVIMq5BuHI=",
            "dev": true,
            "requires": {
                "loader-utils": "^1.1.0"
            }
        },
        "glob": {
            "version": "7.1.6",
            "resolved": "https://registry.npm.taobao.org/glob/download/glob-7.1.6.tgz?cache=0&sync_timestamp=1599054256752&other_urls=https%3A%2F%2Fregistry.npm.taobao.org%2Fglob%2Fdownload%2Fglob-7.1.6.tgz",
            "integrity": "sha1-FB8zuBp8JJLhJVlDB0gMRmeSeKY=",
            "dev": true,
            "requires": {
                "fs.realpath": "^1.0.0",
                "inflight": "^1.0.4",
                "inherits": "2",
                "minimatch": "^3.0.4",
                "once": "^1.3.0",
                "path-is-absolute": "^1.0.0"
            }
        },
        "graceful-fs": {
            "version": "4.2.6",
            "resolved": "https://registry.npm.taobao.org/graceful-fs/download/graceful-fs-4.2.6.tgz",
            "integrity": "sha1-/wQLKwhTsjw9MQJ1I3BvGIXXa+4=",
            "dev": true
        },
        "has": {
            "version": "1.0.3",
            "resolved": "https://registry.npm.taobao.org/has/download/has-1.0.3.tgz",
            "integrity": "sha1-ci18v8H2qoJB8W3YFOAR4fQeh5Y=",
            "dev": true,
            "requires": {
                "function-bind": "^1.1.1"
            }
        },
        "hash-sum": {
            "version": "2.0.0",
            "resolved": "https://registry.npm.taobao.org/hash-sum/download/hash-sum-2.0.0.tgz",
            "integrity": "sha1-gdAbtd6OpKIUrV1urRtSNGCwtFo=",
            "dev": true
        },
        "header-case": {
            "version": "2.0.4",
            "resolved": "https://registry.npm.taobao.org/header-case/download/header-case-2.0.4.tgz?cache=0&sync_timestamp=1606867326152&other_urls=https%3A%2F%2Fregistry.npm.taobao.org%2Fheader-case%2Fdownload%2Fheader-case-2.0.4.tgz",
            "integrity": "sha1-WkLmO1UXc0nPQFvrjXdayruSwGM=",
            "dev": true,
            "requires": {
                "capital-case": "^1.0.4",
                "tslib": "^2.0.3"
            }
        },
        "icss-replace-symbols": {
            "version": "1.1.0",
            "resolved": "https://registry.npm.taobao.org/icss-replace-symbols/download/icss-replace-symbols-1.1.0.tgz",
            "integrity": "sha1-Bupvg2ead0njhs/h/oEq5dsiPe0=",
            "dev": true
        },
        "icss-utils": {
            "version": "5.1.0",
            "resolved": "https://registry.npm.taobao.org/icss-utils/download/icss-utils-5.1.0.tgz",
            "integrity": "sha1-xr5oWKvQE9do6YNmrkfiXViHsa4=",
            "dev": true
        },
        "indexes-of": {
            "version": "1.0.1",
            "resolved": "https://registry.npm.taobao.org/indexes-of/download/indexes-of-1.0.1.tgz",
            "integrity": "sha1-8w9xbI4r00bHtn0985FVZqfAVgc=",
            "dev": true
        },
        "inflight": {
            "version": "1.0.6",
            "resolved": "https://registry.npm.taobao.org/inflight/download/inflight-1.0.6.tgz",
            "integrity": "sha1-Sb1jMdfQLQwJvJEKEHW6gWW1bfk=",
            "dev": true,
            "requires": {
                "once": "^1.3.0",
                "wrappy": "1"
            }
        },
        "inherits": {
            "version": "2.0.4",
            "resolved": "https://registry.npm.taobao.org/inherits/download/inherits-2.0.4.tgz",
            "integrity": "sha1-D6LGT5MpF8NDOg3tVTY6rjdBa3w=",
            "dev": true
        },
        "is-core-module": {
            "version": "2.2.0",
            "resolved": "https://registry.npm.taobao.org/is-core-module/download/is-core-module-2.2.0.tgz?cache=0&sync_timestamp=1606411622542&other_urls=https%3A%2F%2Fregistry.npm.taobao.org%2Fis-core-module%2Fdownload%2Fis-core-module-2.2.0.tgz",
            "integrity": "sha1-lwN+89UiJNhRY/VZeytj2a/tmBo=",
            "dev": true,
            "requires": {
                "has": "^1.0.3"
            }
        },
        "isarray": {
            "version": "1.0.0",
            "resolved": "https://registry.npm.taobao.org/isarray/download/isarray-1.0.0.tgz",
            "integrity": "sha1-u5NdSFgsuhaMBoNJV6VKPgcSTxE=",
            "dev": true
        },
        "json5": {
            "version": "1.0.1",
            "resolved": "https://registry.npm.taobao.org/json5/download/json5-1.0.1.tgz",
            "integrity": "sha1-d5+wAYYE+oVOrL9iUhgNg1Q+Pb4=",
            "dev": true,
            "requires": {
                "minimist": "^1.2.0"
            }
        },
        "listenercount": {
            "version": "1.0.1",
            "resolved": "https://registry.npm.taobao.org/listenercount/download/listenercount-1.0.1.tgz",
            "integrity": "sha1-hMinKrWcRyUyFIDJdeZQg0LnCTc=",
            "dev": true
        },
        "loader-utils": {
            "version": "1.4.0",
            "resolved": "https://registry.npm.taobao.org/loader-utils/download/loader-utils-1.4.0.tgz",
            "integrity": "sha1-xXm140yzSxp07cbB+za/o3HVphM=",
            "dev": true,
            "requires": {
                "big.js": "^5.2.2",
                "emojis-list": "^3.0.0",
                "json5": "^1.0.1"
            }
        },
        "lodash": {
            "version": "4.17.21",
            "resolved": "https://registry.npm.taobao.org/lodash/download/lodash-4.17.21.tgz?cache=0&sync_timestamp=1613835838133&other_urls=https%3A%2F%2Fregistry.npm.taobao.org%2Flodash%2Fdownload%2Flodash-4.17.21.tgz",
            "integrity": "sha1-Z5WRxWTDv/quhFTPCz3zcMPWkRw="
        },
        "lodash.camelcase": {
            "version": "4.3.0",
            "resolved": "https://registry.npm.taobao.org/lodash.camelcase/download/lodash.camelcase-4.3.0.tgz",
            "integrity": "sha1-soqmKIorn8ZRA1x3EfZathkDMaY=",
            "dev": true
        },
        "lower-case": {
            "version": "2.0.2",
            "resolved": "https://registry.npm.taobao.org/lower-case/download/lower-case-2.0.2.tgz",
            "integrity": "sha1-b6I3xj29xKgsoP2ILkci3F5jTig=",
            "dev": true,
            "requires": {
                "tslib": "^2.0.3"
            }
        },
        "lru-cache": {
            "version": "5.1.1",
            "resolved": "https://registry.npm.taobao.org/lru-cache/download/lru-cache-5.1.1.tgz?cache=0&sync_timestamp=1599054167787&other_urls=https%3A%2F%2Fregistry.npm.taobao.org%2Flru-cache%2Fdownload%2Flru-cache-5.1.1.tgz",
            "integrity": "sha1-HaJ+ZxAnGUdpXa9oSOhH8B2EuSA=",
            "dev": true,
            "requires": {
                "yallist": "^3.0.2"
            }
        },
        "magic-string": {
            "version": "0.25.7",
            "resolved": "https://registry.npm.taobao.org/magic-string/download/magic-string-0.25.7.tgz",
            "integrity": "sha1-P0l9b9NMZpxnmNy4IfLvMfVEUFE=",
            "dev": true,
            "requires": {
                "sourcemap-codec": "^1.4.4"
            }
        },
        "merge-source-map": {
            "version": "1.1.0",
            "resolved": "https://registry.npm.taobao.org/merge-source-map/download/merge-source-map-1.1.0.tgz",
            "integrity": "sha1-L93n5gIJOfcJBqaPLXrmheTIxkY=",
            "dev": true,
            "requires": {
                "source-map": "^0.6.1"
            }
        },
        "minimatch": {
            "version": "3.0.4",
            "resolved": "https://registry.npm.taobao.org/minimatch/download/minimatch-3.0.4.tgz",
            "integrity": "sha1-UWbihkV/AzBgZL5Ul+jbsMPTIIM=",
            "dev": true,
            "requires": {
                "brace-expansion": "^1.1.7"
            }
        },
        "minimist": {
            "version": "1.2.5",
            "resolved": "https://registry.npm.taobao.org/minimist/download/minimist-1.2.5.tgz",
            "integrity": "sha1-Z9ZgFLZqaoqqDAg8X9WN9OTpdgI=",
            "dev": true
        },
        "mitt": {
            "version": "2.1.0",
            "resolved": "https://registry.npm.taobao.org/mitt/download/mitt-2.1.0.tgz",
            "integrity": "sha1-90BXfCMXbGIFsSGylzUU6t4bIjA="
        },
        "mkdirp": {
            "version": "0.5.5",
            "resolved": "https://registry.npm.taobao.org/mkdirp/download/mkdirp-0.5.5.tgz?cache=0&other_urls=https%3A%2F%2Fregistry.npm.taobao.org%2Fmkdirp%2Fdownload%2Fmkdirp-0.5.5.tgz",
            "integrity": "sha1-2Rzv1i0UNsoPQWIOJRKI1CAJne8=",
            "dev": true,
            "requires": {
                "minimist": "^1.2.5"
            }
        },
        "ms": {
            "version": "2.1.2",
            "resolved": "https://registry.npm.taobao.org/ms/download/ms-2.1.2.tgz?cache=0&sync_timestamp=1607433842694&other_urls=https%3A%2F%2Fregistry.npm.taobao.org%2Fms%2Fdownload%2Fms-2.1.2.tgz",
            "integrity": "sha1-0J0fNXtEP0kzgqjrPM0YOHKuYAk=",
            "dev": true
        },
        "nanoid": {
            "version": "3.1.22",
            "resolved": "https://registry.npm.taobao.org/nanoid/download/nanoid-3.1.22.tgz?cache=0&sync_timestamp=1615820420384&other_urls=https%3A%2F%2Fregistry.npm.taobao.org%2Fnanoid%2Fdownload%2Fnanoid-3.1.22.tgz",
            "integrity": "sha1-s1+Pt9FRmQqK69WqUBXAPPcm+EQ=",
            "dev": true
        },
        "no-case": {
            "version": "3.0.4",
            "resolved": "https://registry.npm.taobao.org/no-case/download/no-case-3.0.4.tgz",
            "integrity": "sha1-02H9XJgA9VhVGoNp/A3NRmK2Ek0=",
            "dev": true,
            "requires": {
                "lower-case": "^2.0.2",
                "tslib": "^2.0.3"
            }
        },
        "normalize-wheel": {
            "version": "1.0.1",
            "resolved": "https://registry.npm.taobao.org/normalize-wheel/download/normalize-wheel-1.0.1.tgz",
            "integrity": "sha1-rsiGr/2wRQcNhWRH32Ls+GFG7EU="
        },
        "once": {
            "version": "1.4.0",
            "resolved": "https://registry.npm.taobao.org/once/download/once-1.4.0.tgz",
            "integrity": "sha1-WDsap3WWHUsROsF9nFC6753Xa9E=",
            "dev": true,
            "requires": {
                "wrappy": "1"
            }
        },
        "param-case": {
            "version": "3.0.4",
            "resolved": "https://registry.npm.taobao.org/param-case/download/param-case-3.0.4.tgz",
            "integrity": "sha1-fRf+SqEr3jTUp32RrPtiGcqtAcU=",
            "dev": true,
            "requires": {
                "dot-case": "^3.0.4",
                "tslib": "^2.0.3"
            }
        },
        "pascal-case": {
            "version": "3.1.2",
            "resolved": "https://registry.npm.taobao.org/pascal-case/download/pascal-case-3.1.2.tgz?cache=0&sync_timestamp=1606867325163&other_urls=https%3A%2F%2Fregistry.npm.taobao.org%2Fpascal-case%2Fdownload%2Fpascal-case-3.1.2.tgz",
            "integrity": "sha1-tI4O8rmOIF58Ha50fQsVCCN2YOs=",
            "dev": true,
            "requires": {
                "no-case": "^3.0.4",
                "tslib": "^2.0.3"
            }
        },
        "path-case": {
            "version": "3.0.4",
            "resolved": "https://registry.npm.taobao.org/path-case/download/path-case-3.0.4.tgz?cache=0&sync_timestamp=1606867325967&other_urls=https%3A%2F%2Fregistry.npm.taobao.org%2Fpath-case%2Fdownload%2Fpath-case-3.0.4.tgz",
            "integrity": "sha1-kWhkUzTrlCZYN1xW+AtMDLX4LG8=",
            "dev": true,
            "requires": {
                "dot-case": "^3.0.4",
                "tslib": "^2.0.3"
            }
        },
        "path-is-absolute": {
            "version": "1.0.1",
            "resolved": "https://registry.npm.taobao.org/path-is-absolute/download/path-is-absolute-1.0.1.tgz",
            "integrity": "sha1-F0uSaHNVNP+8es5r9TpanhtcX18=",
            "dev": true
        },
        "path-parse": {
            "version": "1.0.6",
            "resolved": "https://registry.npm.taobao.org/path-parse/download/path-parse-1.0.6.tgz",
            "integrity": "sha1-1i27VnlAXXLEc37FhgDp3c8G0kw=",
            "dev": true
        },
        "picomatch": {
            "version": "2.2.3",
            "resolved": "https://registry.npm.taobao.org/picomatch/download/picomatch-2.2.3.tgz",
            "integrity": "sha1-RlVH81nMwgbTxI5Goby4m/fuYZ0=",
            "dev": true
        },
        "postcss": {
            "version": "8.2.9",
            "resolved": "https://registry.npm.taobao.org/postcss/download/postcss-8.2.9.tgz?cache=0&sync_timestamp=1617137095020&other_urls=https%3A%2F%2Fregistry.npm.taobao.org%2Fpostcss%2Fdownload%2Fpostcss-8.2.9.tgz",
            "integrity": "sha1-/ZX/N7XO5VxAmz/dI3KWq0CW+6M=",
            "dev": true,
            "requires": {
                "colorette": "^1.2.2",
                "nanoid": "^3.1.22",
                "source-map": "^0.6.1"
            }
        },
        "postcss-modules": {
            "version": "4.0.0",
            "resolved": "https://registry.npm.taobao.org/postcss-modules/download/postcss-modules-4.0.0.tgz?cache=0&sync_timestamp=1606641165057&other_urls=https%3A%2F%2Fregistry.npm.taobao.org%2Fpostcss-modules%2Fdownload%2Fpostcss-modules-4.0.0.tgz",
            "integrity": "sha1-K8fydquI8/Gw+t9svXdy1DtfO5s=",
            "dev": true,
            "requires": {
                "generic-names": "^2.0.1",
                "icss-replace-symbols": "^1.1.0",
                "lodash.camelcase": "^4.3.0",
                "postcss-modules-extract-imports": "^3.0.0",
                "postcss-modules-local-by-default": "^4.0.0",
                "postcss-modules-scope": "^3.0.0",
                "postcss-modules-values": "^4.0.0",
                "string-hash": "^1.1.1"
            }
        },
        "postcss-modules-extract-imports": {
            "version": "3.0.0",
            "resolved": "https://registry.npm.taobao.org/postcss-modules-extract-imports/download/postcss-modules-extract-imports-3.0.0.tgz?cache=0&sync_timestamp=1602588245463&other_urls=https%3A%2F%2Fregistry.npm.taobao.org%2Fpostcss-modules-extract-imports%2Fdownload%2Fpostcss-modules-extract-imports-3.0.0.tgz",
            "integrity": "sha1-zaHwR8CugMl9vijD52pDuIAldB0=",
            "dev": true
        },
        "postcss-modules-local-by-default": {
            "version": "4.0.0",
            "resolved": "https://registry.npm.taobao.org/postcss-modules-local-by-default/download/postcss-modules-local-by-default-4.0.0.tgz?cache=0&sync_timestamp=1602587568476&other_urls=https%3A%2F%2Fregistry.npm.taobao.org%2Fpostcss-modules-local-by-default%2Fdownload%2Fpostcss-modules-local-by-default-4.0.0.tgz",
            "integrity": "sha1-67tU+uFZjuz99pGgKz/zs5ClpRw=",
            "dev": true,
            "requires": {
                "icss-utils": "^5.0.0",
                "postcss-selector-parser": "^6.0.2",
                "postcss-value-parser": "^4.1.0"
            }
        },
        "postcss-modules-scope": {
            "version": "3.0.0",
            "resolved": "https://registry.npm.taobao.org/postcss-modules-scope/download/postcss-modules-scope-3.0.0.tgz?cache=0&sync_timestamp=1602593260387&other_urls=https%3A%2F%2Fregistry.npm.taobao.org%2Fpostcss-modules-scope%2Fdownload%2Fpostcss-modules-scope-3.0.0.tgz",
            "integrity": "sha1-nvMVFFbTu/oSDKRImN/Kby+gHwY=",
            "dev": true,
            "requires": {
                "postcss-selector-parser": "^6.0.4"
            }
        },
        "postcss-modules-values": {
            "version": "4.0.0",
            "resolved": "https://registry.npm.taobao.org/postcss-modules-values/download/postcss-modules-values-4.0.0.tgz?cache=0&sync_timestamp=1602586230505&other_urls=https%3A%2F%2Fregistry.npm.taobao.org%2Fpostcss-modules-values%2Fdownload%2Fpostcss-modules-values-4.0.0.tgz",
            "integrity": "sha1-18Xn5ow7s8myfL9Iyguz/7RgLJw=",
            "dev": true,
            "requires": {
                "icss-utils": "^5.0.0"
            }
        },
        "postcss-selector-parser": {
            "version": "6.0.4",
            "resolved": "https://registry.npm.taobao.org/postcss-selector-parser/download/postcss-selector-parser-6.0.4.tgz?cache=0&sync_timestamp=1601045316432&other_urls=https%3A%2F%2Fregistry.npm.taobao.org%2Fpostcss-selector-parser%2Fdownload%2Fpostcss-selector-parser-6.0.4.tgz",
            "integrity": "sha1-VgdaE4CgRgTDiwY+p3Z6Epr1wrM=",
            "dev": true,
            "requires": {
                "cssesc": "^3.0.0",
                "indexes-of": "^1.0.1",
                "uniq": "^1.0.1",
                "util-deprecate": "^1.0.2"
            }
        },
        "postcss-value-parser": {
            "version": "4.1.0",
            "resolved": "https://registry.npm.taobao.org/postcss-value-parser/download/postcss-value-parser-4.1.0.tgz?cache=0&sync_timestamp=1599054273488&other_urls=https%3A%2F%2Fregistry.npm.taobao.org%2Fpostcss-value-parser%2Fdownload%2Fpostcss-value-parser-4.1.0.tgz",
            "integrity": "sha1-RD9qIM7WSBor2k+oUypuVdeJoss=",
            "dev": true
        },
        "process-nextick-args": {
            "version": "2.0.1",
            "resolved": "https://registry.npm.taobao.org/process-nextick-args/download/process-nextick-args-2.0.1.tgz",
            "integrity": "sha1-eCDZsWEgzFXKmud5JoCufbptf+I=",
            "dev": true
        },
        "readable-stream": {
            "version": "2.3.7",
            "resolved": "https://registry.npm.taobao.org/readable-stream/download/readable-stream-2.3.7.tgz",
            "integrity": "sha1-Hsoc9xGu+BTAT2IlKjamL2yyO1c=",
            "dev": true,
            "requires": {
                "core-util-is": "~1.0.0",
                "inherits": "~2.0.3",
                "isarray": "~1.0.0",
                "process-nextick-args": "~2.0.0",
                "safe-buffer": "~5.1.1",
                "string_decoder": "~1.1.1",
                "util-deprecate": "~1.0.1"
            }
        },
        "resize-observer-polyfill": {
            "version": "1.5.1",
            "resolved": "https://registry.npm.taobao.org/resize-observer-polyfill/download/resize-observer-polyfill-1.5.1.tgz",
            "integrity": "sha1-DpAg3T0hAkRY1OvSfiPkAmmBBGQ="
        },
        "resolve": {
            "version": "1.20.0",
            "resolved": "https://registry.npm.taobao.org/resolve/download/resolve-1.20.0.tgz?cache=0&sync_timestamp=1613054822645&other_urls=https%3A%2F%2Fregistry.npm.taobao.org%2Fresolve%2Fdownload%2Fresolve-1.20.0.tgz",
            "integrity": "sha1-YpoBP7P3B1XW8LeTXMHCxTeLGXU=",
            "dev": true,
            "requires": {
                "is-core-module": "^2.2.0",
                "path-parse": "^1.0.6"
            }
        },
        "rimraf": {
            "version": "2.7.1",
            "resolved": "https://registry.npm.taobao.org/rimraf/download/rimraf-2.7.1.tgz?cache=0&sync_timestamp=1589682814592&other_urls=https%3A%2F%2Fregistry.npm.taobao.org%2Frimraf%2Fdownload%2Frimraf-2.7.1.tgz",
            "integrity": "sha1-NXl/E6f9rcVmFCwp1PB8ytSD4+w=",
            "dev": true,
            "requires": {
                "glob": "^7.1.3"
            }
        },
        "rollup": {
            "version": "2.45.1",
            "resolved": "https://registry.npm.taobao.org/rollup/download/rollup-2.45.1.tgz?cache=0&sync_timestamp=1618031342579&other_urls=https%3A%2F%2Fregistry.npm.taobao.org%2Frollup%2Fdownload%2Frollup-2.45.1.tgz",
            "integrity": "sha1-6uK5TcIIi04KO3GXpaHuC91YnVw=",
            "dev": true,
            "requires": {
                "fsevents": "~2.3.1"
            }
        },
        "safe-buffer": {
            "version": "5.1.2",
            "resolved": "https://registry.npm.taobao.org/safe-buffer/download/safe-buffer-5.1.2.tgz",
            "integrity": "sha1-mR7GnSluAxN0fVm9/St0XDX4go0=",
            "dev": true
        },
        "sentence-case": {
            "version": "3.0.4",
            "resolved": "https://registry.npm.taobao.org/sentence-case/download/sentence-case-3.0.4.tgz?cache=0&sync_timestamp=1606867325535&other_urls=https%3A%2F%2Fregistry.npm.taobao.org%2Fsentence-case%2Fdownload%2Fsentence-case-3.0.4.tgz",
            "integrity": "sha1-NkWnuMEXx4f96HAgViJbtipFEx8=",
            "dev": true,
            "requires": {
                "no-case": "^3.0.4",
                "tslib": "^2.0.3",
                "upper-case-first": "^2.0.2"
            }
        },
        "setimmediate": {
            "version": "1.0.5",
            "resolved": "https://registry.npm.taobao.org/setimmediate/download/setimmediate-1.0.5.tgz",
            "integrity": "sha1-KQy7Iy4waULX1+qbg3Mqt4VvgoU=",
            "dev": true
        },
        "snake-case": {
            "version": "3.0.4",
            "resolved": "https://registry.npm.taobao.org/snake-case/download/snake-case-3.0.4.tgz?cache=0&sync_timestamp=1606867326057&other_urls=https%3A%2F%2Fregistry.npm.taobao.org%2Fsnake-case%2Fdownload%2Fsnake-case-3.0.4.tgz",
            "integrity": "sha1-Tyu9Vo6ZNavf1ZPzTGkdrbScRSw=",
            "dev": true,
            "requires": {
                "dot-case": "^3.0.4",
                "tslib": "^2.0.3"
            }
        },
        "source-map": {
            "version": "0.6.1",
            "resolved": "https://registry.npm.taobao.org/source-map/download/source-map-0.6.1.tgz?cache=0&sync_timestamp=1589682764497&other_urls=https%3A%2F%2Fregistry.npm.taobao.org%2Fsource-map%2Fdownload%2Fsource-map-0.6.1.tgz",
            "integrity": "sha1-dHIq8y6WFOnCh6jQu95IteLxomM="
        },
        "sourcemap-codec": {
            "version": "1.4.8",
            "resolved": "https://registry.npm.taobao.org/sourcemap-codec/download/sourcemap-codec-1.4.8.tgz",
            "integrity": "sha1-6oBL2UhXQC5pktBaOO8a41qatMQ=",
            "dev": true
        },
        "string-hash": {
            "version": "1.1.3",
            "resolved": "https://registry.npm.taobao.org/string-hash/download/string-hash-1.1.3.tgz",
            "integrity": "sha1-6Kr8CsGFW0Zmkp7X3RJ1311sgRs=",
            "dev": true
        },
        "string_decoder": {
            "version": "1.1.1",
            "resolved": "https://registry.npm.taobao.org/string_decoder/download/string_decoder-1.1.1.tgz",
            "integrity": "sha1-nPFhG6YmhdcDCunkujQUnDrwP8g=",
            "dev": true,
            "requires": {
                "safe-buffer": "~5.1.0"
            }
        },
        "to-fast-properties": {
            "version": "2.0.0",
            "resolved": "https://registry.npm.taobao.org/to-fast-properties/download/to-fast-properties-2.0.0.tgz",
            "integrity": "sha1-3F5pjL0HkmW8c+A3doGk5Og/YW4="
        },
        "traverse": {
            "version": "0.3.9",
            "resolved": "https://registry.npm.taobao.org/traverse/download/traverse-0.3.9.tgz",
            "integrity": "sha1-cXuPIgzAu3tE5AUUwisui7xw2Lk=",
            "dev": true
        },
        "tslib": {
            "version": "2.2.0",
            "resolved": "https://registry.npm.taobao.org/tslib/download/tslib-2.2.0.tgz?cache=0&sync_timestamp=1617647074515&other_urls=https%3A%2F%2Fregistry.npm.taobao.org%2Ftslib%2Fdownload%2Ftslib-2.2.0.tgz",
            "integrity": "sha1-+yxHWXfjXiQTEe3iaTzuHsZpj1w=",
            "dev": true
        },
        "typescript": {
            "version": "4.2.4",
            "resolved": "https://registry.npm.taobao.org/typescript/download/typescript-4.2.4.tgz?cache=0&sync_timestamp=1618039443434&other_urls=https%3A%2F%2Fregistry.npm.taobao.org%2Ftypescript%2Fdownload%2Ftypescript-4.2.4.tgz",
            "integrity": "sha1-hhC1l0feAo/aiYqK7w4QPxVtCWE=",
            "dev": true
        },
        "uniq": {
            "version": "1.0.1",
            "resolved": "https://registry.npm.taobao.org/uniq/download/uniq-1.0.1.tgz",
            "integrity": "sha1-sxxa6CVIRKOoKBVBzisEuGWnNP8=",
            "dev": true
        },
        "unzipper": {
            "version": "0.10.11",
            "resolved": "https://registry.npm.taobao.org/unzipper/download/unzipper-0.10.11.tgz",
            "integrity": "sha1-C0mRRGRyy9uS7nQDkJ8mwkGceC4=",
            "dev": true,
            "requires": {
                "big-integer": "^1.6.17",
                "binary": "~0.3.0",
                "bluebird": "~3.4.1",
                "buffer-indexof-polyfill": "~1.0.0",
                "duplexer2": "~0.1.4",
                "fstream": "^1.0.12",
                "graceful-fs": "^4.2.2",
                "listenercount": "~1.0.1",
                "readable-stream": "~2.3.6",
                "setimmediate": "~1.0.4"
            },
            "dependencies": {
                "bluebird": {
                    "version": "3.4.7",
                    "resolved": "https://registry.npm.taobao.org/bluebird/download/bluebird-3.4.7.tgz?cache=0&sync_timestamp=1589682744631&other_urls=https%3A%2F%2Fregistry.npm.taobao.org%2Fbluebird%2Fdownload%2Fbluebird-3.4.7.tgz",
                    "integrity": "sha1-9y12C+Cbf3bQjtj66Ysomo0F+rM=",
                    "dev": true
                }
            }
        },
        "upper-case": {
            "version": "2.0.2",
            "resolved": "https://registry.npm.taobao.org/upper-case/download/upper-case-2.0.2.tgz",
            "integrity": "sha1-2JgQgj+qsd8VSbfZenb4Ziuub3o=",
            "dev": true,
            "requires": {
                "tslib": "^2.0.3"
            }
        },
        "upper-case-first": {
            "version": "2.0.2",
            "resolved": "https://registry.npm.taobao.org/upper-case-first/download/upper-case-first-2.0.2.tgz?cache=0&sync_timestamp=1606867326586&other_urls=https%3A%2F%2Fregistry.npm.taobao.org%2Fupper-case-first%2Fdownload%2Fupper-case-first-2.0.2.tgz",
            "integrity": "sha1-mSwyc/iCq9GdHgKJTMFHEX+EQyQ=",
            "dev": true,
            "requires": {
                "tslib": "^2.0.3"
            }
        },
        "util-deprecate": {
            "version": "1.0.2",
            "resolved": "https://registry.npm.taobao.org/util-deprecate/download/util-deprecate-1.0.2.tgz",
            "integrity": "sha1-RQ1Nyfpw3nMnYvvS1KKJgUGaDM8=",
            "dev": true
        },
        "vite": {
            "version": "2.1.5",
            "resolved": "https://registry.npm.taobao.org/vite/download/vite-2.1.5.tgz?cache=0&other_urls=https%3A%2F%2Fregistry.npm.taobao.org%2Fvite%2Fdownload%2Fvite-2.1.5.tgz",
            "integrity": "sha1-SFfaRBxi95gsg8vV9CoAMw8gycE=",
            "dev": true,
            "requires": {
                "esbuild": "^0.9.3",
                "fsevents": "~2.3.1",
                "postcss": "^8.2.1",
                "resolve": "^1.19.0",
                "rollup": "^2.38.5"
            }
        },
        "vite-plugin-style-import": {
            "version": "0.9.2",
            "resolved": "https://registry.npm.taobao.org/vite-plugin-style-import/download/vite-plugin-style-import-0.9.2.tgz",
            "integrity": "sha1-eUHeayA0GOPiTQm4LpQ45pAcwKM=",
            "dev": true,
            "requires": {
                "@rollup/pluginutils": "^4.1.0",
                "change-case": "^4.1.2",
                "debug": "^4.3.2",
                "es-module-lexer": "^0.4.1",
                "magic-string": "^0.25.7"
            }
        },
        "vue": {
            "version": "3.0.11",
            "resolved": "https://registry.npm.taobao.org/vue/download/vue-3.0.11.tgz",
            "integrity": "sha1-yC+VlMv03MhpJB1MjdPgjZqPS18=",
            "requires": {
                "@vue/compiler-dom": "3.0.11",
                "@vue/runtime-dom": "3.0.11",
                "@vue/shared": "3.0.11"
            }
        },
        "vue-router": {
            "version": "4.0.6",
            "resolved": "https://registry.npmjs.org/vue-router/-/vue-router-4.0.6.tgz",
            "integrity": "sha512-Y04llmK2PyaESj+N33VxLjGCUDuv9t4q2OpItEGU7POZiuQZaugV6cJpE6Qm1sVFtxufodLKN2y2dQl9nk0Reg=="
        },
        "vue-tsc": {
            "version": "0.0.15",
            "resolved": "https://registry.npm.taobao.org/vue-tsc/download/vue-tsc-0.0.15.tgz?cache=0&sync_timestamp=1618038169266&other_urls=https%3A%2F%2Fregistry.npm.taobao.org%2Fvue-tsc%2Fdownload%2Fvue-tsc-0.0.15.tgz",
            "integrity": "sha1-KVHwR5vwuWbIKHSJJ+jqW4KhUHA=",
            "dev": true,
            "requires": {
                "unzipper": "0.10.11"
            }
        },
        "wrappy": {
            "version": "1.0.2",
            "resolved": "https://registry.npm.taobao.org/wrappy/download/wrappy-1.0.2.tgz",
            "integrity": "sha1-tSQ9jz7BqjXxNkYFvA0QNuMKtp8=",
            "dev": true
        },
        "yallist": {
            "version": "3.1.1",
            "resolved": "https://registry.npm.taobao.org/yallist/download/yallist-3.1.1.tgz",
            "integrity": "sha1-27fa+b/YusmrRev2ArjLrQ1dCP0=",
            "dev": true
        }
    }
}
